
Microsoft Visual Studio Solution File, Format Version 12.00
# Visual Studio Version 16
VisualStudioVersion = 16.0.30804.86
MinimumVisualStudioVersion = 10.0.40219.1
Project("{FAE04EC0-301F-11D3-BF4B-00C04F79EFBC}") = "HomeEconomicSystem.Dal", "HomeEconomicSystem.Dal\HomeEconomicSystem.Dal.csproj", "{B1516C3D-4D2A-453E-A318-DE1ADCBA7AC1}"
EndProject
Project("{FAE04EC0-301F-11D3-BF4B-00C04F79EFBC}") = "HomeEconomicSystem.BL", "HomeEconomicSystem.BL\HomeEconomicSystem.BL.csproj", "{4A021C71-853D-4440-929D-59704B9E864E}"
EndProject
Project("{FAE04EC0-301F-11D3-BF4B-00C04F79EFBC}") = "HomeEconomicSystem.BE", "HomeEconomicSystem.BE\HomeEconomicSystem.BE.csproj", "{6F102A29-ACF6-4070-9662-EE8DAB89AE4E}"
EndProject
Project("{FAE04EC0-301F-11D3-BF4B-00C04F79EFBC}") = "HomeEconomicSystem.PL", "HomeEconomicSystem.PL\HomeEconomicSystem.PL.csproj", "{C1A45F95-FEBB-48D3-81E2-774A15C19CF8}"
EndProject
Global
	GlobalSection(SolutionConfigurationPlatforms) = preSolution
		Debug|Any CPU = Debug|Any CPU
		Release|Any CPU = Release|Any CPU
	EndGlobalSection
	GlobalSection(ProjectConfigurationPlatforms) = postSolution
		{B1516C3D-4D2A-453E-A318-DE1ADCBA7AC1}.Debug|Any CPU.ActiveCfg = Debug|Any CPU
		{B1516C3D-4D2A-453E-A318-DE1ADCBA7AC1}.Debug|Any CPU.Build.0 = Debug|Any CPU
		{B1516C3D-4D2A-453E-A318-DE1ADCBA7AC1}.Release|Any CPU.ActiveCfg = Release|Any CPU
		{B1516C3D-4D2A-453E-A318-DE1ADCBA7AC1}.Release|Any CPU.Build.0 = Release|Any CPU
		{4A021C71-853D-4440-929D-59704B9E864E}.Debug|Any CPU.ActiveCfg = Debug|Any CPU
		{4A021C71-853D-4440-929D-59704B9E864E}.Debug|Any CPU.Build.0 = Debug|Any CPU
		{4A021C71-853D-4440-929D-59704B9E864E}.Release|Any CPU.ActiveCfg = Release|Any CPU
		{4A021C71-853D-4440-929D-59704B9E864E}.Release|Any CPU.Build.0 = Release|Any CPU
		{6F102A29-ACF6-4070-9662-EE8DAB89AE4E}.Debug|Any CPU.ActiveCfg = Debug|Any CPU
		{6F102A29-ACF6-4070-9662-EE8DAB89AE4E}.Debug|Any CPU.Build.0 = Debug|Any CPU
		{6F102A29-ACF6-4070-9662-EE8DAB89AE4E}.Release|Any CPU.ActiveCfg = Release|Any CPU
		{6F102A29-ACF6-4070-9662-EE8DAB89AE4E}.Release|Any CPU.Build.0 = Release|Any CPU
		{C1A45F95-FEBB-48D3-81E2-774A15C19CF8}.Debug|Any CPU.ActiveCfg = Debug|Any CPU
		{C1A45F95-FEBB-48D3-81E2-774A15C19CF8}.Debug|Any CPU.Build.0 = Debug|Any CPU
		{C1A45F95-FEBB-48D3-81E2-774A15C19CF8}.Release|Any CPU.ActiveCfg = Release|Any CPU
		{C1A45F95-FEBB-48D3-81E2-774A15C19CF8}.Release|Any CPU.Build.0 = Release|Any CPU
	EndGlobalSection
	GlobalSection(SolutionProperties) = preSolution
		HideSolutionNode = FALSE
	EndGlobalSection
	GlobalSection(ExtensibilityGlobals) = postSolution
		SolutionGuid = {4D01823D-5BC8-41C5-B34A-1EAA8F66ED8A}
	EndGlobalSection
EndGlobal
